{
  "name": "test",
  "version": "1.0.0",
  "lockfileVersion": 1,
  "requires": true,
  "dependencies": {
    "godam-react": {
      "version": "file:../godam-react-0.1.0.tgz",
      "integrity": "sha512-kT9cVWL+xUPuMNZ7na1O+8Uo5N1F6BDhSJq5/AU4cJn1nPExvvtOim/vq9RR2hND00k8c5Cdrp88z5iAECQH7w=="
    }
  }
}
